
Microsoft Visual Studio Solution File, Format Version 12.00
# Visual Studio Version 16
VisualStudioVersion = 16.0.810.18
MinimumVisualStudioVersion = 10.0.40219.1
Project("{FAE04EC0-301F-11D3-BF4B-00C04F79EFBC}") = "HPlus.Ecommerce", "HPlus.Ecommerce\HPlus.Ecommerce.csproj", "{0085B929-D53C-4BFE-BA3F-2D958F594D0C}"
EndProject
Global
	GlobalSection(SolutionConfigurationPlatforms) = preSolution
		Debug|Any CPU = Debug|Any CPU
		Release|Any CPU = Release|Any CPU
	EndGlobalSection
	GlobalSection(ProjectConfigurationPlatforms) = postSolution
		{0085B929-D53C-4BFE-BA3F-2D958F594D0C}.Debug|Any CPU.ActiveCfg = Debug|Any CPU
		{0085B929-D53C-4BFE-BA3F-2D958F594D0C}.Debug|Any CPU.Build.0 = Debug|Any CPU
		{0085B929-D53C-4BFE-BA3F-2D958F594D0C}.Release|Any CPU.ActiveCfg = Release|Any CPU
		{0085B929-D53C-4BFE-BA3F-2D958F594D0C}.Release|Any CPU.Build.0 = Release|Any CPU
	EndGlobalSection
	GlobalSection(SolutionProperties) = preSolution
		HideSolutionNode = FALSE
	EndGlobalSection
	GlobalSection(ExtensibilityGlobals) = postSolution
		SolutionGuid = {5AF21C7A-EB87-42D2-90C8-A3ADF397A69D}
	EndGlobalSection
EndGlobal
